// !$*UTF8*$!
{
	archiveVersion = 1;
	classes = {
	};
	objectVersion = 46;
	objects = {

/* Begin PBXBuildFile section */
		2957287F1B5527AC005FDD17 /* main.m in Sources */ = {isa = PBXBuildFile; fileRef = 2957287E1B5527AC005FDD17 /* main.m */; };
		295728821B5527AC005FDD17 /* AppDelegate.m in Sources */ = {isa = PBXBuildFile; fileRef = 295728811B5527AC005FDD17 /* AppDelegate.m */; };
		295728851B5527AC005FDD17 /* ViewController.m in Sources */ = {isa = PBXBuildFile; fileRef = 295728841B5527AC005FDD17 /* ViewController.m */; };
		295728881B5527AC005FDD17 /* Main.storyboard in Resources */ = {isa = PBXBuildFile; fileRef = 295728861B5527AC005FDD17 /* Main.storyboard */; };
		2957288A1B5527AC005FDD17 /* Images.xcassets in Resources */ = {isa = PBXBuildFile; fileRef = 295728891B5527AC005FDD17 /* Images.xcassets */; };
		2957288D1B5527AC005FDD17 /* LaunchScreen.xib in Resources */ = {isa = PBXBuildFile; fileRef = 2957288B1B5527AC005FDD17 /* LaunchScreen.xib */; };
		295728991B5527AC005FDD17 /* unscrewed_iosTests.m in Sources */ = {isa = PBXBuildFile; fileRef = 295728981B5527AC005FDD17 /* unscrewed_iosTests.m */; };
/* End PBXBuildFile section */

/* Begin PBXContainerItemProxy section */
		295728931B5527AC005FDD17 /* PBXContainerItemProxy */ = {
			isa = PBXContainerItemProxy;
			containerPortal = 295728711B5527AB005FDD17 /* Project object */;
			proxyType = 1;
			remoteGlobalIDString = 295728781B5527AB005FDD17;
			remoteInfo = "unscrewed-ios";
		};
/* End PBXContainerItemProxy section */

/* Begin PBXFileReference section */
		295728791B5527AC005FDD17 /* unscrewed-ios.app */ = {isa = PBXFileReference; explicitFileType = wrapper.application; includeInIndex = 0; path = "unscrewed-ios.app"; sourceTree = BUILT_PRODUCTS_DIR; };
		2957287D1B5527AC005FDD17 /* Info.plist */ = {isa = PBXFileReference; lastKnownFileType = text.plist.xml; path = Info.plist; sourceTree = "<group>"; };
		2957287E1B5527AC005FDD17 /* main.m */ = {isa = PBXFileReference; lastKnownFileType = sourcecode.c.objc; path = main.m; sourceTree = "<group>"; };
		295728801B5527AC005FDD17 /* AppDelegate.h */ = {isa = PBXFileReference; lastKnownFileType = sourcecode.c.h; path = AppDelegate.h; sourceTree = "<group>"; };
		295728811B5527AC005FDD17 /* AppDelegate.m */ = {isa = PBXFileReference; lastKnownFileType = sourcecode.c.objc; path = AppDelegate.m; sourceTree = "<group>"; };
		295728831B5527AC005FDD17 /* ViewController.h */ = {isa = PBXFileReference; lastKnownFileType = sourcecode.c.h; path = ViewController.h; sourceTree = "<group>"; };
		295728841B5527AC005FDD17 /* ViewController.m */ = {isa = PBXFileReference; lastKnownFileType = sourcecode.c.objc; path = ViewController.m; sourceTree = "<group>"; };
		295728871B5527AC005FDD17 /* Base */ = {isa = PBXFileReference; lastKnownFileType = file.storyboard; name = Base; path = Base.lproj/Main.storyboard; sourceTree = "<group>"; };
		295728891B5527AC005FDD17 /* Images.xcassets */ = {isa = PBXFileReference; lastKnownFileType = folder.assetcatalog; path = Images.xcassets; sourceTree = "<group>"; };
		2957288C1B5527AC005FDD17 /* Base */ = {isa = PBXFileReference; lastKnownFileType = file.xib; name = Base; path = Base.lproj/LaunchScreen.xib; sourceTree = "<group>"; };
		295728921B5527AC005FDD17 /* unscrewed-iosTests.xctest */ = {isa = PBXFileReference; explicitFileType = wrapper.cfbundle; includeInIndex = 0; path = "unscrewed-iosTests.xctest"; sourceTree = BUILT_PRODUCTS_DIR; };
		295728971B5527AC005FDD17 /* Info.plist */ = {isa = PBXFileReference; lastKnownFileType = text.plist.xml; path = Info.plist; sourceTree = "<group>"; };
		295728981B5527AC005FDD17 /* unscrewed_iosTests.m */ = {isa = PBXFileReference; lastKnownFileType = sourcecode.c.objc; path = unscrewed_iosTests.m; sourceTree = "<group>"; };
/* End PBXFileReference section */

/* Begin PBXFrameworksBuildPhase section */
		295728761B5527AB005FDD17 /* Frameworks */ = {
			isa = PBXFrameworksBuildPhase;
			buildActionMask = 2147483647;
			files = (
			);
			runOnlyForDeploymentPostprocessing = 0;
		};
		2957288F1B5527AC005FDD17 /* Frameworks */ = {
			isa = PBXFrameworksBuildPhase;
			buildActionMask = 2147483647;
			files = (
			);
			runOnlyForDeploymentPostprocessing = 0;
		};
/* End PBXFrameworksBuildPhase section */

/* Begin PBXGroup section */
		295728701B5527AB005FDD17 = {
			isa = PBXGroup;
			children = (
				2957287B1B5527AC005FDD17 /* unscrewed-ios */,
				295728951B5527AC005FDD17 /* unscrewed-iosTests */,
				2957287A1B5527AC005FDD17 /* Products */,
			);
			sourceTree = "<group>";
		};
		2957287A1B5527AC005FDD17 /* Products */ = {
			isa = PBXGroup;
			children = (
				295728791B5527AC005FDD17 /* unscrewed-ios.app */,
				295728921B5527AC005FDD17 /* unscrewed-iosTests.xctest */,
			);
			name = Products;
			sourceTree = "<group>";
		};
		2957287B1B5527AC005FDD17 /* unscrewed-ios */ = {
			isa = PBXGroup;
			children = (
				295728801B5527AC005FDD17 /* AppDelegate.h */,
				295728811B5527AC005FDD17 /* AppDelegate.m */,
				295728831B5527AC005FDD17 /* ViewController.h */,
				295728841B5527AC005FDD17 /* ViewController.m */,
				295728861B5527AC005FDD17 /* Main.storyboard */,
				295728891B5527AC005FDD17 /* Images.xcassets */,
				2957288B1B5527AC005FDD17 /* LaunchScreen.xib */,
				2957287C1B5527AC005FDD17 /* Supporting Files */,
			);
			path = "unscrewed-ios";
			sourceTree = "<group>";
		};
		2957287C1B5527AC005FDD17 /* Supporting Files */ = {
			isa = PBXGroup;
			children = (
				2957287D1B5527AC005FDD17 /* Info.plist */,
				2957287E1B5527AC005FDD17 /* main.m */,
			);
			name = "Supporting Files";
			sourceTree = "<group>";
		};
		295728951B5527AC005FDD17 /* unscrewed-iosTests */ = {
			isa = PBXGroup;
			children = (
				295728981B5527AC005FDD17 /* unscrewed_iosTests.m */,
				295728961B5527AC005FDD17 /* Supporting Files */,
			);
			path = "unscrewed-iosTests";
			sourceTree = "<group>";
		};
		295728961B5527AC005FDD17 /* Supporting Files */ = {
			isa = PBXGroup;
			children = (
				295728971B5527AC005FDD17 /* Info.plist */,
			);
			name = "Supporting Files";
			sourceTree = "<group>";
		};
/* End PBXGroup section */

/* Begin PBXNativeTarget section */
		295728781B5527AB005FDD17 /* unscrewed-ios */ = {
			isa = PBXNativeTarget;
			buildConfigurationList = 2957289C1B5527AC005FDD17 /* Build configuration list for PBXNativeTarget "unscrewed-ios" */;
			buildPhases = (
				295728751B5527AB005FDD17 /* Sources */,
				295728761B5527AB005FDD17 /* Frameworks */,
				295728771B5527AB005FDD17 /* Resources */,
			);
			buildRules = (
			);
			dependencies = (
			);
			name = "unscrewed-ios";
			productName = "unscrewed-ios";
			productReference = 295728791B5527AC005FDD17 /* unscrewed-ios.app */;
			productType = "com.apple.product-type.application";
		};
		295728911B5527AC005FDD17 /* unscrewed-iosTests */ = {
			isa = PBXNativeTarget;
			buildConfigurationList = 2957289F1B5527AC005FDD17 /* Build configuration list for PBXNativeTarget "unscrewed-iosTests" */;
			buildPhases = (
				2957288E1B5527AC005FDD17 /* Sources */,
				2957288F1B5527AC005FDD17 /* Frameworks */,
				295728901B5527AC005FDD17 /* Resources */,
			);
			buildRules = (
			);
			dependencies = (
				295728941B5527AC005FDD17 /* PBXTargetDependency */,
			);
			name = "unscrewed-iosTests";
			productName = "unscrewed-iosTests";
			productReference = 295728921B5527AC005FDD17 /* unscrewed-iosTests.xctest */;
			productType = "com.apple.product-type.bundle.unit-test";
		};
/* End PBXNativeTarget section */

/* Begin PBXProject section */
		295728711B5527AB005FDD17 /* Project object */ = {
			isa = PBXProject;
			attributes = {
				LastUpgradeCheck = 0630;
				ORGANIZATIONNAME = "com.oneclick.unscrewed-ios";
				TargetAttributes = {
					295728781B5527AB005FDD17 = {
						CreatedOnToolsVersion = 6.3.1;
					};
					295728911B5527AC005FDD17 = {
						CreatedOnToolsVersion = 6.3.1;
						TestTargetID = 295728781B5527AB005FDD17;
					};
				};
			};
			buildConfigurationList = 295728741B5527AB005FDD17 /* Build configuration list for PBXProject "unscrewed-ios" */;
			compatibilityVersion = "Xcode 3.2";
			developmentRegion = English;
			hasScannedForEncodings = 0;
			knownRegions = (
				en,
				Base,
			);
			mainGroup = 295728701B5527AB005FDD17;
			productRefGroup = 2957287A1B5527AC005FDD17 /* Products */;
			projectDirPath = "";
			projectRoot = "";
			targets = (
				295728781B5527AB005FDD17 /* unscrewed-ios */,
				295728911B5527AC005FDD17 /* unscrewed-iosTests */,
			);
		};
/* End PBXProject section */

/* Begin PBXResourcesBuildPhase section */
		295728771B5527AB005FDD17 /* Resources */ = {
			isa = PBXResourcesBuildPhase;
			buildActionMask = 2147483647;
			files = (
				295728881B5527AC005FDD17 /* Main.storyboard in Resources */,
				2957288D1B5527AC005FDD17 /* LaunchScreen.xib in Resources */,
				2957288A1B5527AC005FDD17 /* Images.xcassets in Resources */,
			);
			runOnlyForDeploymentPostprocessing = 0;
		};
		295728901B5527AC005FDD17 /* Resources */ = {
			isa = PBXResourcesBuildPhase;
			buildActionMask = 2147483647;
			files = (
			);
			runOnlyForDeploymentPostprocessing = 0;
		};
/* End PBXResourcesBuildPhase section */

/* Begin PBXSourcesBuildPhase section */
		295728751B5527AB005FDD17 /* Sources */ = {
			isa = PBXSourcesBuildPhase;
			buildActionMask = 2147483647;
			files = (
				295728851B5527AC005FDD17 /* ViewController.m in Sources */,
				295728821B5527AC005FDD17 /* AppDelegate.m in Sources */,
				2957287F1B5527AC005FDD17 /* main.m in Sources */,
			);
			runOnlyForDeploymentPostprocessing = 0;
		};
		2957288E1B5527AC005FDD17 /* Sources */ = {
			isa = PBXSourcesBuildPhase;
			buildActionMask = 2147483647;
			files = (
				295728991B5527AC005FDD17 /* unscrewed_iosTests.m in Sources */,
			);
			runOnlyForDeploymentPostprocessing = 0;
		};
/* End PBXSourcesBuildPhase section */

/* Begin PBXTargetDependency section */
		295728941B5527AC005FDD17 /* PBXTargetDependency */ = {
			isa = PBXTargetDependency;
			target = 295728781B5527AB005FDD17 /* unscrewed-ios */;
			targetProxy = 295728931B5527AC005FDD17 /* PBXContainerItemProxy */;
		};
/* End PBXTargetDependency section */

/* Begin PBXVariantGroup section */
		295728861B5527AC005FDD17 /* Main.storyboard */ = {
			isa = PBXVariantGroup;
			children = (
				295728871B5527AC005FDD17 /* Base */,
			);
			name = Main.storyboard;
			sourceTree = "<group>";
		};
		2957288B1B5527AC005FDD17 /* LaunchScreen.xib */ = {
			isa = PBXVariantGroup;
			children = (
				2957288C1B5527AC005FDD17 /* Base */,
			);
			name = LaunchScreen.xib;
			sourceTree = "<group>";
		};
/* End PBXVariantGroup section */

/* Begin XCBuildConfiguration section */
		2957289A1B5527AC005FDD17 /* Debug */ = {
			isa = XCBuildConfiguration;
			buildSettings = {
				ALWAYS_SEARCH_USER_PATHS = NO;
				CLANG_CXX_LANGUAGE_STANDARD = "gnu++0x";
				CLANG_CXX_LIBRARY = "libc++";
				CLANG_ENABLE_MODULES = YES;
				CLANG_ENABLE_OBJC_ARC = YES;
				CLANG_WARN_BOOL_CONVERSION = YES;
				CLANG_WARN_CONSTANT_CONVERSION = YES;
				CLANG_WARN_DIRECT_OBJC_ISA_USAGE = YES_ERROR;
				CLANG_WARN_EMPTY_BODY = YES;
				CLANG_WARN_ENUM_CONVERSION = YES;
				CLANG_WARN_INT_CONVERSION = YES;
				CLANG_WARN_OBJC_ROOT_CLASS = YES_ERROR;
				CLANG_WARN_UNREACHABLE_CODE = YES;
				CLANG_WARN__DUPLICATE_METHOD_MATCH = YES;
				"CODE_SIGN_IDENTITY[sdk=iphoneos*]" = "iPhone Developer";
				COPY_PHASE_STRIP = NO;
				DEBUG_INFORMATION_FORMAT = "dwarf-with-dsym";
				ENABLE_STRICT_OBJC_MSGSEND = YES;
				GCC_C_LANGUAGE_STANDARD = gnu99;
				GCC_DYNAMIC_NO_PIC = NO;
				GCC_NO_COMMON_BLOCKS = YES;
				GCC_OPTIMIZATION_LEVEL = 0;
				GCC_PREPROCESSOR_DEFINITIONS = (
					"DEBUG=1",
					"$(inherited)",
				);
				GCC_SYMBOLS_PRIVATE_EXTERN = NO;
				GCC_WARN_64_TO_32_BIT_CONVERSION = YES;
				GCC_WARN_ABOUT_RETURN_TYPE = YES_ERROR;
				GCC_WARN_UNDECLARED_SELECTOR = YES;
				GCC_WARN_UNINITIALIZED_AUTOS = YES_AGGRESSIVE;
				GCC_WARN_UNUSED_FUNCTION = YES;
				GCC_WARN_UNUSED_VARIABLE = YES;
				IPHONEOS_DEPLOYMENT_TARGET = 8.3;
				MTL_ENABLE_DEBUG_INFO = YES;
				ONLY_ACTIVE_ARCH = YES;
				SDKROOT = iphoneos;
				TARGETED_DEVICE_FAMILY = "1,2";
			};
			name = Debug;
		};
		2957289B1B5527AC005FDD17 /* Release */ = {
			isa = XCBuildConfiguration;
			buildSettings = {
				ALWAYS_SEARCH_USER_PATHS = NO;
				CLANG_CXX_LANGUAGE_STANDARD = "gnu++0x";
				CLANG_CXX_LIBRARY = "libc++";
				CLANG_ENABLE_MODULES = YES;
				CLANG_ENABLE_OBJC_ARC = YES;
				CLANG_WARN_BOOL_CONVERSION = YES;
				CLANG_WARN_CONSTANT_CONVERSION = YES;
				CLANG_WARN_DIRECT_OBJC_ISA_USAGE = YES_ERROR;
				CLANG_WARN_EMPTY_BODY = YES;
				CLANG_WARN_ENUM_CONVERSION = YES;
				CLANG_WARN_INT_CONVERSION = YES;
				CLANG_WARN_OBJC_ROOT_CLASS = YES_ERROR;
				CLANG_WARN_UNREACHABLE_CODE = YES;
				CLANG_WARN__DUPLICATE_METHOD_MATCH = YES;
				"CODE_SIGN_IDENTITY[sdk=iphoneos*]" = "iPhone Developer";
				COPY_PHASE_STRIP = NO;
				DEBUG_INFORMATION_FORMAT = "dwarf-with-dsym";
				ENABLE_NS_ASSERTIONS = NO;
				ENABLE_STRICT_OBJC_MSGSEND = YES;
				GCC_C_LANGUAGE_STANDARD = gnu99;
				GCC_NO_COMMON_BLOCKS = YES;
				GCC_WARN_64_TO_32_BIT_CONVERSION = YES;
				GCC_WARN_ABOUT_RETURN_TYPE = YES_ERROR;
				GCC_WARN_UNDECLARED_SELECTOR = YES;
				GCC_WARN_UNINITIALIZED_AUTOS = YES_AGGRESSIVE;
				GCC_WARN_UNUSED_FUNCTION = YES;
				GCC_WARN_UNUSED_VARIABLE = YES;
				IPHONEOS_DEPLOYMENT_TARGET = 8.3;
				MTL_ENABLE_DEBUG_INFO = NO;
				SDKROOT = iphoneos;
				TARGETED_DEVICE_FAMILY = "1,2";
				VALIDATE_PRODUCT = YES;
			};
			name = Release;
		};
		2957289D1B5527AC005FDD17 /* Debug */ = {
			isa = XCBuildConfiguration;
			buildSettings = {
				ASSETCATALOG_COMPILER_APPICON_NAME = AppIcon;
				INFOPLIST_FILE = "unscrewed-ios/Info.plist";
				LD_RUNPATH_SEARCH_PATHS = "$(inherited) @executable_path/Frameworks";
				PRODUCT_NAME = "$(TARGET_NAME)";
			};
			name = Debug;
		};
		2957289E1B5527AC005FDD17 /* Release */ = {
			isa = XCBuildConfiguration;
			buildSettings = {
				ASSETCATALOG_COMPILER_APPICON_NAME = AppIcon;
				INFOPLIST_FILE = "unscrewed-ios/Info.plist";
				LD_RUNPATH_SEARCH_PATHS = "$(inherited) @executable_path/Frameworks";
				PRODUCT_NAME = "$(TARGET_NAME)";
			};
			name = Release;
		};
		295728A01B5527AC005FDD17 /* Debug */ = {
			isa = XCBuildConfiguration;
			buildSettings = {
				BUNDLE_LOADER = "$(TEST_HOST)";
				FRAMEWORK_SEARCH_PATHS = (
					"$(SDKROOT)/Developer/Library/Frameworks",
					"$(inherited)",
				);
				GCC_PREPROCESSOR_DEFINITIONS = (
					"DEBUG=1",
					"$(inherited)",
				);
				INFOPLIST_FILE = "unscrewed-iosTests/Info.plist";
				LD_RUNPATH_SEARCH_PATHS = "$(inherited) @executable_path/Frameworks @loader_path/Frameworks";
				PRODUCT_NAME = "$(TARGET_NAME)";
				TEST_HOST = "$(BUILT_PRODUCTS_DIR)/unscrewed-ios.app/unscrewed-ios";
			};
			name = Debug;
		};
		295728A11B5527AC005FDD17 /* Release */ = {
			isa = XCBuildConfiguration;
			buildSettings = {
				BUNDLE_LOADER = "$(TEST_HOST)";
				FRAMEWORK_SEARCH_PATHS = (
					"$(SDKROOT)/Developer/Library/Frameworks",
					"$(inherited)",
				);
				INFOPLIST_FILE = "unscrewed-iosTests/Info.plist";
				LD_RUNPATH_SEARCH_PATHS = "$(inherited) @executable_path/Frameworks @loader_path/Frameworks";
				PRODUCT_NAME = "$(TARGET_NAME)";
				TEST_HOST = "$(BUILT_PRODUCTS_DIR)/unscrewed-ios.app/unscrewed-ios";
			};
			name = Release;
		};
/* End XCBuildConfiguration section */

/* Begin XCConfigurationList section */
		295728741B5527AB005FDD17 /* Build configuration list for PBXProject "unscrewed-ios" */ = {
			isa = XCConfigurationList;
			buildConfigurations = (
				2957289A1B5527AC005FDD17 /* Debug */,
				2957289B1B5527AC005FDD17 /* Release */,
			);
			defaultConfigurationIsVisible = 0;
			defaultConfigurationName = Release;
		};
		2957289C1B5527AC005FDD17 /* Build configuration list for PBXNativeTarget "unscrewed-ios" */ = {
			isa = XCConfigurationList;
			buildConfigurations = (
				2957289D1B5527AC005FDD17 /* Debug */,
				2957289E1B5527AC005FDD17 /* Release */,
			);
			defaultConfigurationIsVisible = 0;
		};
		2957289F1B5527AC005FDD17 /* Build configuration list for PBXNativeTarget "unscrewed-iosTests" */ = {
			isa = XCConfigurationList;
			buildConfigurations = (
				295728A01B5527AC005FDD17 /* Debug */,
				295728A11B5527AC005FDD17 /* Release */,
			);
			defaultConfigurationIsVisible = 0;
		};
/* End XCConfigurationList section */
	};
	rootObject = 295728711B5527AB005FDD17 /* Project object */;
}
